
Microsoft Visual Studio Solution File, Format Version 12.00
Project("{F2A71F9B-5D33-465A-A702-920D77279786}") = "CourseScraper", "CourseScraper\src\CourseScraper\CourseScraper.fsproj", "{50D1CC5A-E530-4AC5-8704-8DA6DE837D71}"
EndProject
Project("{F2A71F9B-5D33-465A-A702-920D77279786}") = "CourseScraper.Test", "CourseScraper.Test\CourseScraper.Test.fsproj", "{2FCEE642-EEE9-4401-ADBD-E8715403A558}"
EndProject
Global
	GlobalSection(SolutionConfigurationPlatforms) = preSolution
		Debug|Any CPU = Debug|Any CPU
		Release|Any CPU = Release|Any CPU
	EndGlobalSection
	GlobalSection(ProjectConfigurationPlatforms) = postSolution
		{50D1CC5A-E530-4AC5-8704-8DA6DE837D71}.Debug|Any CPU.ActiveCfg = Debug|Any CPU
		{50D1CC5A-E530-4AC5-8704-8DA6DE837D71}.Debug|Any CPU.Build.0 = Debug|Any CPU
		{50D1CC5A-E530-4AC5-8704-8DA6DE837D71}.Release|Any CPU.ActiveCfg = Release|Any CPU
		{50D1CC5A-E530-4AC5-8704-8DA6DE837D71}.Release|Any CPU.Build.0 = Release|Any CPU
		{2FCEE642-EEE9-4401-ADBD-E8715403A558}.Debug|Any CPU.ActiveCfg = Debug|Any CPU
		{2FCEE642-EEE9-4401-ADBD-E8715403A558}.Debug|Any CPU.Build.0 = Debug|Any CPU
		{2FCEE642-EEE9-4401-ADBD-E8715403A558}.Release|Any CPU.ActiveCfg = Release|Any CPU
		{2FCEE642-EEE9-4401-ADBD-E8715403A558}.Release|Any CPU.Build.0 = Release|Any CPU
	EndGlobalSection
EndGlobal
